
Microsoft Visual Studio Solution File, Format Version 12.00
# Visual Studio 15
VisualStudioVersion = 15.0.27428.2005
MinimumVisualStudioVersion = 10.0.40219.1
Project("{FAE04EC0-301F-11D3-BF4B-00C04F79EFBC}") = "Jarcet.Qoute.Web", "Jarcet.Qoute.Web\Jarcet.Qoute.Web.csproj", "{5489AE28-745D-4993-A499-1B4BB793D5EA}"
EndProject
Project("{FAE04EC0-301F-11D3-BF4B-00C04F79EFBC}") = "Jarcet.Qoutes.WebApi", "Jarcet.Qoute.WebApi\Jarcet.Qoutes.WebApi.csproj", "{682B6BCF-88F1-4659-BAFC-5F4AAEC97752}"
EndProject
Project("{FAE04EC0-301F-11D3-BF4B-00C04F79EFBC}") = "Jarcet.Mobile.Android", "Jarcet.Mobile\Jarcet.Mobile.Android\Jarcet.Mobile.Android.csproj", "{E3011A26-BC04-4EF6-A643-123CF48F7259}"
	ProjectSection(ProjectDependencies) = postProject
		{F54DE8A4-9524-4CFF-9AA7-ED1427C42F7A} = {F54DE8A4-9524-4CFF-9AA7-ED1427C42F7A}
	EndProjectSection
EndProject
Project("{FAE04EC0-301F-11D3-BF4B-00C04F79EFBC}") = "Jarcet.Mobile.iOS", "Jarcet.Mobile\Jarcet.Mobile.iOS\Jarcet.Mobile.iOS.csproj", "{48219246-8F48-471A-803F-9E0D98571D2A}"
EndProject
Project("{9A19103F-16F7-4668-BE54-9A1E7A4F7556}") = "Jarcet.Mobile", "Jarcet.Mobile\Jarcet.Mobile\Jarcet.Mobile.csproj", "{F54DE8A4-9524-4CFF-9AA7-ED1427C42F7A}"
EndProject
Project("{FAE04EC0-301F-11D3-BF4B-00C04F79EFBC}") = "Jarcet.Models", "Jarcet.Qoutes.Models\Jarcet.Models.csproj", "{81F11926-46C9-4A0B-9455-CFF9B8379E16}"
EndProject
Project("{FAE04EC0-301F-11D3-BF4B-00C04F79EFBC}") = "Jarcet.Qoutes.Reports", "Jarcet.Qoutes.Reports\Jarcet.Qoutes.Reports.csproj", "{860D7269-C913-4FBD-BF7F-907B9B6232FD}"
EndProject
Project("{FAE04EC0-301F-11D3-BF4B-00C04F79EFBC}") = "Jarcet.Repository", "Jarcet.Repository\Jarcet.Repository.csproj", "{B7D49658-B672-41A7-B057-31244996012C}"
EndProject
Project("{FAE04EC0-301F-11D3-BF4B-00C04F79EFBC}") = "Jarcet.Notifier", "Jarcet.Notifier\Jarcet.Notifier.csproj", "{DDF42B0A-3AC2-4037-B183-FF06325875BA}"
EndProject
Global
	GlobalSection(SolutionConfigurationPlatforms) = preSolution
		Ad-Hoc|Any CPU = Ad-Hoc|Any CPU
		Ad-Hoc|iPhone = Ad-Hoc|iPhone
		Ad-Hoc|iPhoneSimulator = Ad-Hoc|iPhoneSimulator
		Ad-Hoc|x86 = Ad-Hoc|x86
		AppStore|Any CPU = AppStore|Any CPU
		AppStore|iPhone = AppStore|iPhone
		AppStore|iPhoneSimulator = AppStore|iPhoneSimulator
		AppStore|x86 = AppStore|x86
		Debug|Any CPU = Debug|Any CPU
		Debug|iPhone = Debug|iPhone
		Debug|iPhoneSimulator = Debug|iPhoneSimulator
		Debug|x86 = Debug|x86
		Release|Any CPU = Release|Any CPU
		Release|iPhone = Release|iPhone
		Release|iPhoneSimulator = Release|iPhoneSimulator
		Release|x86 = Release|x86
	EndGlobalSection
	GlobalSection(ProjectConfigurationPlatforms) = postSolution
		{5489AE28-745D-4993-A499-1B4BB793D5EA}.Ad-Hoc|Any CPU.ActiveCfg = Release|Any CPU
		{5489AE28-745D-4993-A499-1B4BB793D5EA}.Ad-Hoc|Any CPU.Build.0 = Release|Any CPU
		{5489AE28-745D-4993-A499-1B4BB793D5EA}.Ad-Hoc|iPhone.ActiveCfg = Release|Any CPU
		{5489AE28-745D-4993-A499-1B4BB793D5EA}.Ad-Hoc|iPhone.Build.0 = Release|Any CPU
		{5489AE28-745D-4993-A499-1B4BB793D5EA}.Ad-Hoc|iPhoneSimulator.ActiveCfg = Release|Any CPU
		{5489AE28-745D-4993-A499-1B4BB793D5EA}.Ad-Hoc|iPhoneSimulator.Build.0 = Release|Any CPU
		{5489AE28-745D-4993-A499-1B4BB793D5EA}.Ad-Hoc|x86.ActiveCfg = Debug|Any CPU
		{5489AE28-745D-4993-A499-1B4BB793D5EA}.Ad-Hoc|x86.Build.0 = Debug|Any CPU
		{5489AE28-745D-4993-A499-1B4BB793D5EA}.AppStore|Any CPU.ActiveCfg = Release|Any CPU
		{5489AE28-745D-4993-A499-1B4BB793D5EA}.AppStore|Any CPU.Build.0 = Release|Any CPU
		{5489AE28-745D-4993-A499-1B4BB793D5EA}.AppStore|iPhone.ActiveCfg = Release|Any CPU
		{5489AE28-745D-4993-A499-1B4BB793D5EA}.AppStore|iPhone.Build.0 = Release|Any CPU
		{5489AE28-745D-4993-A499-1B4BB793D5EA}.AppStore|iPhoneSimulator.ActiveCfg = Release|Any CPU
		{5489AE28-745D-4993-A499-1B4BB793D5EA}.AppStore|iPhoneSimulator.Build.0 = Release|Any CPU
		{5489AE28-745D-4993-A499-1B4BB793D5EA}.AppStore|x86.ActiveCfg = Debug|Any CPU
		{5489AE28-745D-4993-A499-1B4BB793D5EA}.AppStore|x86.Build.0 = Debug|Any CPU
		{5489AE28-745D-4993-A499-1B4BB793D5EA}.Debug|Any CPU.ActiveCfg = Debug|Any CPU
		{5489AE28-745D-4993-A499-1B4BB793D5EA}.Debug|Any CPU.Build.0 = Debug|Any CPU
		{5489AE28-745D-4993-A499-1B4BB793D5EA}.Debug|iPhone.ActiveCfg = Debug|Any CPU
		{5489AE28-745D-4993-A499-1B4BB793D5EA}.Debug|iPhone.Build.0 = Debug|Any CPU
		{5489AE28-745D-4993-A499-1B4BB793D5EA}.Debug|iPhoneSimulator.ActiveCfg = Debug|Any CPU
		{5489AE28-745D-4993-A499-1B4BB793D5EA}.Debug|iPhoneSimulator.Build.0 = Debug|Any CPU
		{5489AE28-745D-4993-A499-1B4BB793D5EA}.Debug|x86.ActiveCfg = Debug|Any CPU
		{5489AE28-745D-4993-A499-1B4BB793D5EA}.Debug|x86.Build.0 = Debug|Any CPU
		{5489AE28-745D-4993-A499-1B4BB793D5EA}.Release|Any CPU.ActiveCfg = Release|Any CPU
		{5489AE28-745D-4993-A499-1B4BB793D5EA}.Release|Any CPU.Build.0 = Release|Any CPU
		{5489AE28-745D-4993-A499-1B4BB793D5EA}.Release|iPhone.ActiveCfg = Release|Any CPU
		{5489AE28-745D-4993-A499-1B4BB793D5EA}.Release|iPhone.Build.0 = Release|Any CPU
		{5489AE28-745D-4993-A499-1B4BB793D5EA}.Release|iPhoneSimulator.ActiveCfg = Release|Any CPU
		{5489AE28-745D-4993-A499-1B4BB793D5EA}.Release|iPhoneSimulator.Build.0 = Release|Any CPU
		{5489AE28-745D-4993-A499-1B4BB793D5EA}.Release|x86.ActiveCfg = Release|Any CPU
		{5489AE28-745D-4993-A499-1B4BB793D5EA}.Release|x86.Build.0 = Release|Any CPU
		{682B6BCF-88F1-4659-BAFC-5F4AAEC97752}.Ad-Hoc|Any CPU.ActiveCfg = Release|Any CPU
		{682B6BCF-88F1-4659-BAFC-5F4AAEC97752}.Ad-Hoc|Any CPU.Build.0 = Release|Any CPU
		{682B6BCF-88F1-4659-BAFC-5F4AAEC97752}.Ad-Hoc|iPhone.ActiveCfg = Release|Any CPU
		{682B6BCF-88F1-4659-BAFC-5F4AAEC97752}.Ad-Hoc|iPhone.Build.0 = Release|Any CPU
		{682B6BCF-88F1-4659-BAFC-5F4AAEC97752}.Ad-Hoc|iPhoneSimulator.ActiveCfg = Release|Any CPU
		{682B6BCF-88F1-4659-BAFC-5F4AAEC97752}.Ad-Hoc|iPhoneSimulator.Build.0 = Release|Any CPU
		{682B6BCF-88F1-4659-BAFC-5F4AAEC97752}.Ad-Hoc|x86.ActiveCfg = Debug|Any CPU
		{682B6BCF-88F1-4659-BAFC-5F4AAEC97752}.Ad-Hoc|x86.Build.0 = Debug|Any CPU
		{682B6BCF-88F1-4659-BAFC-5F4AAEC97752}.AppStore|Any CPU.ActiveCfg = Release|Any CPU
		{682B6BCF-88F1-4659-BAFC-5F4AAEC97752}.AppStore|Any CPU.Build.0 = Release|Any CPU
		{682B6BCF-88F1-4659-BAFC-5F4AAEC97752}.AppStore|iPhone.ActiveCfg = Release|Any CPU
		{682B6BCF-88F1-4659-BAFC-5F4AAEC97752}.AppStore|iPhone.Build.0 = Release|Any CPU
		{682B6BCF-88F1-4659-BAFC-5F4AAEC97752}.AppStore|iPhoneSimulator.ActiveCfg = Release|Any CPU
		{682B6BCF-88F1-4659-BAFC-5F4AAEC97752}.AppStore|iPhoneSimulator.Build.0 = Release|Any CPU
		{682B6BCF-88F1-4659-BAFC-5F4AAEC97752}.AppStore|x86.ActiveCfg = Debug|Any CPU
		{682B6BCF-88F1-4659-BAFC-5F4AAEC97752}.AppStore|x86.Build.0 = Debug|Any CPU
		{682B6BCF-88F1-4659-BAFC-5F4AAEC97752}.Debug|Any CPU.ActiveCfg = Debug|Any CPU
		{682B6BCF-88F1-4659-BAFC-5F4AAEC97752}.Debug|Any CPU.Build.0 = Debug|Any CPU
		{682B6BCF-88F1-4659-BAFC-5F4AAEC97752}.Debug|iPhone.ActiveCfg = Debug|Any CPU
		{682B6BCF-88F1-4659-BAFC-5F4AAEC97752}.Debug|iPhone.Build.0 = Debug|Any CPU
		{682B6BCF-88F1-4659-BAFC-5F4AAEC97752}.Debug|iPhoneSimulator.ActiveCfg = Debug|Any CPU
		{682B6BCF-88F1-4659-BAFC-5F4AAEC97752}.Debug|iPhoneSimulator.Build.0 = Debug|Any CPU
		{682B6BCF-88F1-4659-BAFC-5F4AAEC97752}.Debug|x86.ActiveCfg = Debug|Any CPU
		{682B6BCF-88F1-4659-BAFC-5F4AAEC97752}.Debug|x86.Build.0 = Debug|Any CPU
		{682B6BCF-88F1-4659-BAFC-5F4AAEC97752}.Release|Any CPU.ActiveCfg = Release|Any CPU
		{682B6BCF-88F1-4659-BAFC-5F4AAEC97752}.Release|Any CPU.Build.0 = Release|Any CPU
		{682B6BCF-88F1-4659-BAFC-5F4AAEC97752}.Release|iPhone.ActiveCfg = Release|Any CPU
		{682B6BCF-88F1-4659-BAFC-5F4AAEC97752}.Release|iPhone.Build.0 = Release|Any CPU
		{682B6BCF-88F1-4659-BAFC-5F4AAEC97752}.Release|iPhoneSimulator.ActiveCfg = Release|Any CPU
		{682B6BCF-88F1-4659-BAFC-5F4AAEC97752}.Release|iPhoneSimulator.Build.0 = Release|Any CPU
		{682B6BCF-88F1-4659-BAFC-5F4AAEC97752}.Release|x86.ActiveCfg = Release|Any CPU
		{682B6BCF-88F1-4659-BAFC-5F4AAEC97752}.Release|x86.Build.0 = Release|Any CPU
		{E3011A26-BC04-4EF6-A643-123CF48F7259}.Ad-Hoc|Any CPU.ActiveCfg = Release|Any CPU
		{E3011A26-BC04-4EF6-A643-123CF48F7259}.Ad-Hoc|Any CPU.Build.0 = Release|Any CPU
		{E3011A26-BC04-4EF6-A643-123CF48F7259}.Ad-Hoc|Any CPU.Deploy.0 = Release|Any CPU
		{E3011A26-BC04-4EF6-A643-123CF48F7259}.Ad-Hoc|iPhone.ActiveCfg = Release|Any CPU
		{E3011A26-BC04-4EF6-A643-123CF48F7259}.Ad-Hoc|iPhone.Build.0 = Release|Any CPU
		{E3011A26-BC04-4EF6-A643-123CF48F7259}.Ad-Hoc|iPhone.Deploy.0 = Release|Any CPU
		{E3011A26-BC04-4EF6-A643-123CF48F7259}.Ad-Hoc|iPhoneSimulator.ActiveCfg = Release|Any CPU
		{E3011A26-BC04-4EF6-A643-123CF48F7259}.Ad-Hoc|iPhoneSimulator.Build.0 = Release|Any CPU
		{E3011A26-BC04-4EF6-A643-123CF48F7259}.Ad-Hoc|iPhoneSimulator.Deploy.0 = Release|Any CPU
		{E3011A26-BC04-4EF6-A643-123CF48F7259}.Ad-Hoc|x86.ActiveCfg = Release|x86
		{E3011A26-BC04-4EF6-A643-123CF48F7259}.Ad-Hoc|x86.Build.0 = Release|x86
		{E3011A26-BC04-4EF6-A643-123CF48F7259}.Ad-Hoc|x86.Deploy.0 = Release|x86
		{E3011A26-BC04-4EF6-A643-123CF48F7259}.AppStore|Any CPU.ActiveCfg = Release|Any CPU
		{E3011A26-BC04-4EF6-A643-123CF48F7259}.AppStore|Any CPU.Build.0 = Release|Any CPU
		{E3011A26-BC04-4EF6-A643-123CF48F7259}.AppStore|Any CPU.Deploy.0 = Release|Any CPU
		{E3011A26-BC04-4EF6-A643-123CF48F7259}.AppStore|iPhone.ActiveCfg = Release|Any CPU
		{E3011A26-BC04-4EF6-A643-123CF48F7259}.AppStore|iPhone.Build.0 = Release|Any CPU
		{E3011A26-BC04-4EF6-A643-123CF48F7259}.AppStore|iPhone.Deploy.0 = Release|Any CPU
		{E3011A26-BC04-4EF6-A643-123CF48F7259}.AppStore|iPhoneSimulator.ActiveCfg = Release|Any CPU
		{E3011A26-BC04-4EF6-A643-123CF48F7259}.AppStore|iPhoneSimulator.Build.0 = Release|Any CPU
		{E3011A26-BC04-4EF6-A643-123CF48F7259}.AppStore|iPhoneSimulator.Deploy.0 = Release|Any CPU
		{E3011A26-BC04-4EF6-A643-123CF48F7259}.AppStore|x86.ActiveCfg = Release|x86
		{E3011A26-BC04-4EF6-A643-123CF48F7259}.AppStore|x86.Build.0 = Release|x86
		{E3011A26-BC04-4EF6-A643-123CF48F7259}.AppStore|x86.Deploy.0 = Release|x86
		{E3011A26-BC04-4EF6-A643-123CF48F7259}.Debug|Any CPU.ActiveCfg = Debug|Any CPU
		{E3011A26-BC04-4EF6-A643-123CF48F7259}.Debug|Any CPU.Build.0 = Debug|Any CPU
		{E3011A26-BC04-4EF6-A643-123CF48F7259}.Debug|Any CPU.Deploy.0 = Debug|Any CPU
		{E3011A26-BC04-4EF6-A643-123CF48F7259}.Debug|iPhone.ActiveCfg = Debug|Any CPU
		{E3011A26-BC04-4EF6-A643-123CF48F7259}.Debug|iPhone.Build.0 = Debug|Any CPU
		{E3011A26-BC04-4EF6-A643-123CF48F7259}.Debug|iPhone.Deploy.0 = Debug|Any CPU
		{E3011A26-BC04-4EF6-A643-123CF48F7259}.Debug|iPhoneSimulator.ActiveCfg = Debug|Any CPU
		{E3011A26-BC04-4EF6-A643-123CF48F7259}.Debug|iPhoneSimulator.Build.0 = Debug|Any CPU
		{E3011A26-BC04-4EF6-A643-123CF48F7259}.Debug|iPhoneSimulator.Deploy.0 = Debug|Any CPU
		{E3011A26-BC04-4EF6-A643-123CF48F7259}.Debug|x86.ActiveCfg = Debug|x86
		{E3011A26-BC04-4EF6-A643-123CF48F7259}.Debug|x86.Build.0 = Debug|x86
		{E3011A26-BC04-4EF6-A643-123CF48F7259}.Debug|x86.Deploy.0 = Debug|x86
		{E3011A26-BC04-4EF6-A643-123CF48F7259}.Release|Any CPU.ActiveCfg = Release|Any CPU
		{E3011A26-BC04-4EF6-A643-123CF48F7259}.Release|Any CPU.Build.0 = Release|Any CPU
		{E3011A26-BC04-4EF6-A643-123CF48F7259}.Release|Any CPU.Deploy.0 = Release|Any CPU
		{E3011A26-BC04-4EF6-A643-123CF48F7259}.Release|iPhone.ActiveCfg = Release|Any CPU
		{E3011A26-BC04-4EF6-A643-123CF48F7259}.Release|iPhone.Build.0 = Release|Any CPU
		{E3011A26-BC04-4EF6-A643-123CF48F7259}.Release|iPhone.Deploy.0 = Release|Any CPU
		{E3011A26-BC04-4EF6-A643-123CF48F7259}.Release|iPhoneSimulator.ActiveCfg = Release|Any CPU
		{E3011A26-BC04-4EF6-A643-123CF48F7259}.Release|iPhoneSimulator.Build.0 = Release|Any CPU
		{E3011A26-BC04-4EF6-A643-123CF48F7259}.Release|iPhoneSimulator.Deploy.0 = Release|Any CPU
		{E3011A26-BC04-4EF6-A643-123CF48F7259}.Release|x86.ActiveCfg = Release|x86
		{E3011A26-BC04-4EF6-A643-123CF48F7259}.Release|x86.Build.0 = Release|x86
		{E3011A26-BC04-4EF6-A643-123CF48F7259}.Release|x86.Deploy.0 = Release|x86
		{48219246-8F48-471A-803F-9E0D98571D2A}.Ad-Hoc|Any CPU.ActiveCfg = Ad-Hoc|iPhone
		{48219246-8F48-471A-803F-9E0D98571D2A}.Ad-Hoc|iPhone.ActiveCfg = Ad-Hoc|iPhone
		{48219246-8F48-471A-803F-9E0D98571D2A}.Ad-Hoc|iPhone.Build.0 = Ad-Hoc|iPhone
		{48219246-8F48-471A-803F-9E0D98571D2A}.Ad-Hoc|iPhoneSimulator.ActiveCfg = Ad-Hoc|iPhoneSimulator
		{48219246-8F48-471A-803F-9E0D98571D2A}.Ad-Hoc|iPhoneSimulator.Build.0 = Ad-Hoc|iPhoneSimulator
		{48219246-8F48-471A-803F-9E0D98571D2A}.Ad-Hoc|x86.ActiveCfg = Ad-Hoc|iPhoneSimulator
		{48219246-8F48-471A-803F-9E0D98571D2A}.AppStore|Any CPU.ActiveCfg = AppStore|iPhone
		{48219246-8F48-471A-803F-9E0D98571D2A}.AppStore|iPhone.ActiveCfg = AppStore|iPhone
		{48219246-8F48-471A-803F-9E0D98571D2A}.AppStore|iPhone.Build.0 = AppStore|iPhone
		{48219246-8F48-471A-803F-9E0D98571D2A}.AppStore|iPhoneSimulator.ActiveCfg = AppStore|iPhoneSimulator
		{48219246-8F48-471A-803F-9E0D98571D2A}.AppStore|iPhoneSimulator.Build.0 = AppStore|iPhoneSimulator
		{48219246-8F48-471A-803F-9E0D98571D2A}.AppStore|x86.ActiveCfg = AppStore|iPhoneSimulator
		{48219246-8F48-471A-803F-9E0D98571D2A}.Debug|Any CPU.ActiveCfg = Debug|iPhone
		{48219246-8F48-471A-803F-9E0D98571D2A}.Debug|iPhone.ActiveCfg = Debug|iPhone
		{48219246-8F48-471A-803F-9E0D98571D2A}.Debug|iPhone.Build.0 = Debug|iPhone
		{48219246-8F48-471A-803F-9E0D98571D2A}.Debug|iPhoneSimulator.ActiveCfg = Debug|iPhoneSimulator
		{48219246-8F48-471A-803F-9E0D98571D2A}.Debug|iPhoneSimulator.Build.0 = Debug|iPhoneSimulator
		{48219246-8F48-471A-803F-9E0D98571D2A}.Debug|x86.ActiveCfg = Debug|iPhoneSimulator
		{48219246-8F48-471A-803F-9E0D98571D2A}.Release|Any CPU.ActiveCfg = Release|iPhone
		{48219246-8F48-471A-803F-9E0D98571D2A}.Release|iPhone.ActiveCfg = Release|iPhone
		{48219246-8F48-471A-803F-9E0D98571D2A}.Release|iPhone.Build.0 = Release|iPhone
		{48219246-8F48-471A-803F-9E0D98571D2A}.Release|iPhoneSimulator.ActiveCfg = Release|iPhoneSimulator
		{48219246-8F48-471A-803F-9E0D98571D2A}.Release|iPhoneSimulator.Build.0 = Release|iPhoneSimulator
		{48219246-8F48-471A-803F-9E0D98571D2A}.Release|x86.ActiveCfg = Release|iPhoneSimulator
		{F54DE8A4-9524-4CFF-9AA7-ED1427C42F7A}.Ad-Hoc|Any CPU.ActiveCfg = Debug|Any CPU
		{F54DE8A4-9524-4CFF-9AA7-ED1427C42F7A}.Ad-Hoc|Any CPU.Build.0 = Debug|Any CPU
		{F54DE8A4-9524-4CFF-9AA7-ED1427C42F7A}.Ad-Hoc|iPhone.ActiveCfg = Debug|Any CPU
		{F54DE8A4-9524-4CFF-9AA7-ED1427C42F7A}.Ad-Hoc|iPhone.Build.0 = Debug|Any CPU
		{F54DE8A4-9524-4CFF-9AA7-ED1427C42F7A}.Ad-Hoc|iPhoneSimulator.ActiveCfg = Debug|Any CPU
		{F54DE8A4-9524-4CFF-9AA7-ED1427C42F7A}.Ad-Hoc|iPhoneSimulator.Build.0 = Debug|Any CPU
		{F54DE8A4-9524-4CFF-9AA7-ED1427C42F7A}.Ad-Hoc|x86.ActiveCfg = Release|Any CPU
		{F54DE8A4-9524-4CFF-9AA7-ED1427C42F7A}.Ad-Hoc|x86.Build.0 = Release|Any CPU
		{F54DE8A4-9524-4CFF-9AA7-ED1427C42F7A}.AppStore|Any CPU.ActiveCfg = Debug|Any CPU
		{F54DE8A4-9524-4CFF-9AA7-ED1427C42F7A}.AppStore|Any CPU.Build.0 = Debug|Any CPU
		{F54DE8A4-9524-4CFF-9AA7-ED1427C42F7A}.AppStore|iPhone.ActiveCfg = Debug|Any CPU
		{F54DE8A4-9524-4CFF-9AA7-ED1427C42F7A}.AppStore|iPhone.Build.0 = Debug|Any CPU
		{F54DE8A4-9524-4CFF-9AA7-ED1427C42F7A}.AppStore|iPhoneSimulator.ActiveCfg = Debug|Any CPU
		{F54DE8A4-9524-4CFF-9AA7-ED1427C42F7A}.AppStore|iPhoneSimulator.Build.0 = Debug|Any CPU
		{F54DE8A4-9524-4CFF-9AA7-ED1427C42F7A}.AppStore|x86.ActiveCfg = Release|Any CPU
		{F54DE8A4-9524-4CFF-9AA7-ED1427C42F7A}.AppStore|x86.Build.0 = Release|Any CPU
		{F54DE8A4-9524-4CFF-9AA7-ED1427C42F7A}.Debug|Any CPU.ActiveCfg = Debug|Any CPU
		{F54DE8A4-9524-4CFF-9AA7-ED1427C42F7A}.Debug|Any CPU.Build.0 = Debug|Any CPU
		{F54DE8A4-9524-4CFF-9AA7-ED1427C42F7A}.Debug|iPhone.ActiveCfg = Debug|Any CPU
		{F54DE8A4-9524-4CFF-9AA7-ED1427C42F7A}.Debug|iPhone.Build.0 = Debug|Any CPU
		{F54DE8A4-9524-4CFF-9AA7-ED1427C42F7A}.Debug|iPhoneSimulator.ActiveCfg = Debug|Any CPU
		{F54DE8A4-9524-4CFF-9AA7-ED1427C42F7A}.Debug|iPhoneSimulator.Build.0 = Debug|Any CPU
		{F54DE8A4-9524-4CFF-9AA7-ED1427C42F7A}.Debug|x86.ActiveCfg = Debug|Any CPU
		{F54DE8A4-9524-4CFF-9AA7-ED1427C42F7A}.Debug|x86.Build.0 = Debug|Any CPU
		{F54DE8A4-9524-4CFF-9AA7-ED1427C42F7A}.Release|Any CPU.ActiveCfg = Release|Any CPU
		{F54DE8A4-9524-4CFF-9AA7-ED1427C42F7A}.Release|Any CPU.Build.0 = Release|Any CPU
		{F54DE8A4-9524-4CFF-9AA7-ED1427C42F7A}.Release|iPhone.ActiveCfg = Release|Any CPU
		{F54DE8A4-9524-4CFF-9AA7-ED1427C42F7A}.Release|iPhone.Build.0 = Release|Any CPU
		{F54DE8A4-9524-4CFF-9AA7-ED1427C42F7A}.Release|iPhoneSimulator.ActiveCfg = Release|Any CPU
		{F54DE8A4-9524-4CFF-9AA7-ED1427C42F7A}.Release|iPhoneSimulator.Build.0 = Release|Any CPU
		{F54DE8A4-9524-4CFF-9AA7-ED1427C42F7A}.Release|x86.ActiveCfg = Release|Any CPU
		{F54DE8A4-9524-4CFF-9AA7-ED1427C42F7A}.Release|x86.Build.0 = Release|Any CPU
		{81F11926-46C9-4A0B-9455-CFF9B8379E16}.Ad-Hoc|Any CPU.ActiveCfg = Release|Any CPU
		{81F11926-46C9-4A0B-9455-CFF9B8379E16}.Ad-Hoc|Any CPU.Build.0 = Release|Any CPU
		{81F11926-46C9-4A0B-9455-CFF9B8379E16}.Ad-Hoc|iPhone.ActiveCfg = Release|Any CPU
		{81F11926-46C9-4A0B-9455-CFF9B8379E16}.Ad-Hoc|iPhone.Build.0 = Release|Any CPU
		{81F11926-46C9-4A0B-9455-CFF9B8379E16}.Ad-Hoc|iPhoneSimulator.ActiveCfg = Release|Any CPU
		{81F11926-46C9-4A0B-9455-CFF9B8379E16}.Ad-Hoc|iPhoneSimulator.Build.0 = Release|Any CPU
		{81F11926-46C9-4A0B-9455-CFF9B8379E16}.Ad-Hoc|x86.ActiveCfg = Release|Any CPU
		{81F11926-46C9-4A0B-9455-CFF9B8379E16}.Ad-Hoc|x86.Build.0 = Release|Any CPU
		{81F11926-46C9-4A0B-9455-CFF9B8379E16}.AppStore|Any CPU.ActiveCfg = Release|Any CPU
		{81F11926-46C9-4A0B-9455-CFF9B8379E16}.AppStore|Any CPU.Build.0 = Release|Any CPU
		{81F11926-46C9-4A0B-9455-CFF9B8379E16}.AppStore|iPhone.ActiveCfg = Release|Any CPU
		{81F11926-46C9-4A0B-9455-CFF9B8379E16}.AppStore|iPhone.Build.0 = Release|Any CPU
		{81F11926-46C9-4A0B-9455-CFF9B8379E16}.AppStore|iPhoneSimulator.ActiveCfg = Release|Any CPU
		{81F11926-46C9-4A0B-9455-CFF9B8379E16}.AppStore|iPhoneSimulator.Build.0 = Release|Any CPU
		{81F11926-46C9-4A0B-9455-CFF9B8379E16}.AppStore|x86.ActiveCfg = Release|Any CPU
		{81F11926-46C9-4A0B-9455-CFF9B8379E16}.AppStore|x86.Build.0 = Release|Any CPU
		{81F11926-46C9-4A0B-9455-CFF9B8379E16}.Debug|Any CPU.ActiveCfg = Debug|Any CPU
		{81F11926-46C9-4A0B-9455-CFF9B8379E16}.Debug|Any CPU.Build.0 = Debug|Any CPU
		{81F11926-46C9-4A0B-9455-CFF9B8379E16}.Debug|iPhone.ActiveCfg = Debug|Any CPU
		{81F11926-46C9-4A0B-9455-CFF9B8379E16}.Debug|iPhone.Build.0 = Debug|Any CPU
		{81F11926-46C9-4A0B-9455-CFF9B8379E16}.Debug|iPhoneSimulator.ActiveCfg = Debug|Any CPU
		{81F11926-46C9-4A0B-9455-CFF9B8379E16}.Debug|iPhoneSimulator.Build.0 = Debug|Any CPU
		{81F11926-46C9-4A0B-9455-CFF9B8379E16}.Debug|x86.ActiveCfg = Debug|Any CPU
		{81F11926-46C9-4A0B-9455-CFF9B8379E16}.Debug|x86.Build.0 = Debug|Any CPU
		{81F11926-46C9-4A0B-9455-CFF9B8379E16}.Release|Any CPU.ActiveCfg = Release|Any CPU
		{81F11926-46C9-4A0B-9455-CFF9B8379E16}.Release|Any CPU.Build.0 = Release|Any CPU
		{81F11926-46C9-4A0B-9455-CFF9B8379E16}.Release|iPhone.ActiveCfg = Release|Any CPU
		{81F11926-46C9-4A0B-9455-CFF9B8379E16}.Release|iPhone.Build.0 = Release|Any CPU
		{81F11926-46C9-4A0B-9455-CFF9B8379E16}.Release|iPhoneSimulator.ActiveCfg = Release|Any CPU
		{81F11926-46C9-4A0B-9455-CFF9B8379E16}.Release|iPhoneSimulator.Build.0 = Release|Any CPU
		{81F11926-46C9-4A0B-9455-CFF9B8379E16}.Release|x86.ActiveCfg = Release|Any CPU
		{81F11926-46C9-4A0B-9455-CFF9B8379E16}.Release|x86.Build.0 = Release|Any CPU
		{860D7269-C913-4FBD-BF7F-907B9B6232FD}.Ad-Hoc|Any CPU.ActiveCfg = Release|Any CPU
		{860D7269-C913-4FBD-BF7F-907B9B6232FD}.Ad-Hoc|Any CPU.Build.0 = Release|Any CPU
		{860D7269-C913-4FBD-BF7F-907B9B6232FD}.Ad-Hoc|iPhone.ActiveCfg = Release|Any CPU
		{860D7269-C913-4FBD-BF7F-907B9B6232FD}.Ad-Hoc|iPhone.Build.0 = Release|Any CPU
		{860D7269-C913-4FBD-BF7F-907B9B6232FD}.Ad-Hoc|iPhoneSimulator.ActiveCfg = Release|Any CPU
		{860D7269-C913-4FBD-BF7F-907B9B6232FD}.Ad-Hoc|iPhoneSimulator.Build.0 = Release|Any CPU
		{860D7269-C913-4FBD-BF7F-907B9B6232FD}.Ad-Hoc|x86.ActiveCfg = Release|Any CPU
		{860D7269-C913-4FBD-BF7F-907B9B6232FD}.Ad-Hoc|x86.Build.0 = Release|Any CPU
		{860D7269-C913-4FBD-BF7F-907B9B6232FD}.AppStore|Any CPU.ActiveCfg = Release|Any CPU
		{860D7269-C913-4FBD-BF7F-907B9B6232FD}.AppStore|Any CPU.Build.0 = Release|Any CPU
		{860D7269-C913-4FBD-BF7F-907B9B6232FD}.AppStore|iPhone.ActiveCfg = Release|Any CPU
		{860D7269-C913-4FBD-BF7F-907B9B6232FD}.AppStore|iPhone.Build.0 = Release|Any CPU
		{860D7269-C913-4FBD-BF7F-907B9B6232FD}.AppStore|iPhoneSimulator.ActiveCfg = Release|Any CPU
		{860D7269-C913-4FBD-BF7F-907B9B6232FD}.AppStore|iPhoneSimulator.Build.0 = Release|Any CPU
		{860D7269-C913-4FBD-BF7F-907B9B6232FD}.AppStore|x86.ActiveCfg = Release|Any CPU
		{860D7269-C913-4FBD-BF7F-907B9B6232FD}.AppStore|x86.Build.0 = Release|Any CPU
		{860D7269-C913-4FBD-BF7F-907B9B6232FD}.Debug|Any CPU.ActiveCfg = Debug|Any CPU
		{860D7269-C913-4FBD-BF7F-907B9B6232FD}.Debug|Any CPU.Build.0 = Debug|Any CPU
		{860D7269-C913-4FBD-BF7F-907B9B6232FD}.Debug|iPhone.ActiveCfg = Debug|Any CPU
		{860D7269-C913-4FBD-BF7F-907B9B6232FD}.Debug|iPhone.Build.0 = Debug|Any CPU
		{860D7269-C913-4FBD-BF7F-907B9B6232FD}.Debug|iPhoneSimulator.ActiveCfg = Debug|Any CPU
		{860D7269-C913-4FBD-BF7F-907B9B6232FD}.Debug|iPhoneSimulator.Build.0 = Debug|Any CPU
		{860D7269-C913-4FBD-BF7F-907B9B6232FD}.Debug|x86.ActiveCfg = Debug|Any CPU
		{860D7269-C913-4FBD-BF7F-907B9B6232FD}.Debug|x86.Build.0 = Debug|Any CPU
		{860D7269-C913-4FBD-BF7F-907B9B6232FD}.Release|Any CPU.ActiveCfg = Release|Any CPU
		{860D7269-C913-4FBD-BF7F-907B9B6232FD}.Release|Any CPU.Build.0 = Release|Any CPU
		{860D7269-C913-4FBD-BF7F-907B9B6232FD}.Release|iPhone.ActiveCfg = Release|Any CPU
		{860D7269-C913-4FBD-BF7F-907B9B6232FD}.Release|iPhone.Build.0 = Release|Any CPU
		{860D7269-C913-4FBD-BF7F-907B9B6232FD}.Release|iPhoneSimulator.ActiveCfg = Release|Any CPU
		{860D7269-C913-4FBD-BF7F-907B9B6232FD}.Release|iPhoneSimulator.Build.0 = Release|Any CPU
		{860D7269-C913-4FBD-BF7F-907B9B6232FD}.Release|x86.ActiveCfg = Release|Any CPU
		{860D7269-C913-4FBD-BF7F-907B9B6232FD}.Release|x86.Build.0 = Release|Any CPU
		{B7D49658-B672-41A7-B057-31244996012C}.Ad-Hoc|Any CPU.ActiveCfg = Release|Any CPU
		{B7D49658-B672-41A7-B057-31244996012C}.Ad-Hoc|Any CPU.Build.0 = Release|Any CPU
		{B7D49658-B672-41A7-B057-31244996012C}.Ad-Hoc|iPhone.ActiveCfg = Release|Any CPU
		{B7D49658-B672-41A7-B057-31244996012C}.Ad-Hoc|iPhone.Build.0 = Release|Any CPU
		{B7D49658-B672-41A7-B057-31244996012C}.Ad-Hoc|iPhoneSimulator.ActiveCfg = Release|Any CPU
		{B7D49658-B672-41A7-B057-31244996012C}.Ad-Hoc|iPhoneSimulator.Build.0 = Release|Any CPU
		{B7D49658-B672-41A7-B057-31244996012C}.Ad-Hoc|x86.ActiveCfg = Release|Any CPU
		{B7D49658-B672-41A7-B057-31244996012C}.Ad-Hoc|x86.Build.0 = Release|Any CPU
		{B7D49658-B672-41A7-B057-31244996012C}.AppStore|Any CPU.ActiveCfg = Release|Any CPU
		{B7D49658-B672-41A7-B057-31244996012C}.AppStore|Any CPU.Build.0 = Release|Any CPU
		{B7D49658-B672-41A7-B057-31244996012C}.AppStore|iPhone.ActiveCfg = Release|Any CPU
		{B7D49658-B672-41A7-B057-31244996012C}.AppStore|iPhone.Build.0 = Release|Any CPU
		{B7D49658-B672-41A7-B057-31244996012C}.AppStore|iPhoneSimulator.ActiveCfg = Release|Any CPU
		{B7D49658-B672-41A7-B057-31244996012C}.AppStore|iPhoneSimulator.Build.0 = Release|Any CPU
		{B7D49658-B672-41A7-B057-31244996012C}.AppStore|x86.ActiveCfg = Release|Any CPU
		{B7D49658-B672-41A7-B057-31244996012C}.AppStore|x86.Build.0 = Release|Any CPU
		{B7D49658-B672-41A7-B057-31244996012C}.Debug|Any CPU.ActiveCfg = Debug|Any CPU
		{B7D49658-B672-41A7-B057-31244996012C}.Debug|Any CPU.Build.0 = Debug|Any CPU
		{B7D49658-B672-41A7-B057-31244996012C}.Debug|iPhone.ActiveCfg = Debug|Any CPU
		{B7D49658-B672-41A7-B057-31244996012C}.Debug|iPhone.Build.0 = Debug|Any CPU
		{B7D49658-B672-41A7-B057-31244996012C}.Debug|iPhoneSimulator.ActiveCfg = Debug|Any CPU
		{B7D49658-B672-41A7-B057-31244996012C}.Debug|iPhoneSimulator.Build.0 = Debug|Any CPU
		{B7D49658-B672-41A7-B057-31244996012C}.Debug|x86.ActiveCfg = Debug|Any CPU
		{B7D49658-B672-41A7-B057-31244996012C}.Debug|x86.Build.0 = Debug|Any CPU
		{B7D49658-B672-41A7-B057-31244996012C}.Release|Any CPU.ActiveCfg = Release|Any CPU
		{B7D49658-B672-41A7-B057-31244996012C}.Release|Any CPU.Build.0 = Release|Any CPU
		{B7D49658-B672-41A7-B057-31244996012C}.Release|iPhone.ActiveCfg = Release|Any CPU
		{B7D49658-B672-41A7-B057-31244996012C}.Release|iPhone.Build.0 = Release|Any CPU
		{B7D49658-B672-41A7-B057-31244996012C}.Release|iPhoneSimulator.ActiveCfg = Release|Any CPU
		{B7D49658-B672-41A7-B057-31244996012C}.Release|iPhoneSimulator.Build.0 = Release|Any CPU
		{B7D49658-B672-41A7-B057-31244996012C}.Release|x86.ActiveCfg = Release|Any CPU
		{B7D49658-B672-41A7-B057-31244996012C}.Release|x86.Build.0 = Release|Any CPU
		{DDF42B0A-3AC2-4037-B183-FF06325875BA}.Ad-Hoc|Any CPU.ActiveCfg = Release|Any CPU
		{DDF42B0A-3AC2-4037-B183-FF06325875BA}.Ad-Hoc|Any CPU.Build.0 = Release|Any CPU
		{DDF42B0A-3AC2-4037-B183-FF06325875BA}.Ad-Hoc|iPhone.ActiveCfg = Release|Any CPU
		{DDF42B0A-3AC2-4037-B183-FF06325875BA}.Ad-Hoc|iPhone.Build.0 = Release|Any CPU
		{DDF42B0A-3AC2-4037-B183-FF06325875BA}.Ad-Hoc|iPhoneSimulator.ActiveCfg = Release|Any CPU
		{DDF42B0A-3AC2-4037-B183-FF06325875BA}.Ad-Hoc|iPhoneSimulator.Build.0 = Release|Any CPU
		{DDF42B0A-3AC2-4037-B183-FF06325875BA}.Ad-Hoc|x86.ActiveCfg = Release|Any CPU
		{DDF42B0A-3AC2-4037-B183-FF06325875BA}.Ad-Hoc|x86.Build.0 = Release|Any CPU
		{DDF42B0A-3AC2-4037-B183-FF06325875BA}.AppStore|Any CPU.ActiveCfg = Release|Any CPU
		{DDF42B0A-3AC2-4037-B183-FF06325875BA}.AppStore|Any CPU.Build.0 = Release|Any CPU
		{DDF42B0A-3AC2-4037-B183-FF06325875BA}.AppStore|iPhone.ActiveCfg = Release|Any CPU
		{DDF42B0A-3AC2-4037-B183-FF06325875BA}.AppStore|iPhone.Build.0 = Release|Any CPU
		{DDF42B0A-3AC2-4037-B183-FF06325875BA}.AppStore|iPhoneSimulator.ActiveCfg = Release|Any CPU
		{DDF42B0A-3AC2-4037-B183-FF06325875BA}.AppStore|iPhoneSimulator.Build.0 = Release|Any CPU
		{DDF42B0A-3AC2-4037-B183-FF06325875BA}.AppStore|x86.ActiveCfg = Release|Any CPU
		{DDF42B0A-3AC2-4037-B183-FF06325875BA}.AppStore|x86.Build.0 = Release|Any CPU
		{DDF42B0A-3AC2-4037-B183-FF06325875BA}.Debug|Any CPU.ActiveCfg = Debug|Any CPU
		{DDF42B0A-3AC2-4037-B183-FF06325875BA}.Debug|Any CPU.Build.0 = Debug|Any CPU
		{DDF42B0A-3AC2-4037-B183-FF06325875BA}.Debug|iPhone.ActiveCfg = Debug|Any CPU
		{DDF42B0A-3AC2-4037-B183-FF06325875BA}.Debug|iPhone.Build.0 = Debug|Any CPU
		{DDF42B0A-3AC2-4037-B183-FF06325875BA}.Debug|iPhoneSimulator.ActiveCfg = Debug|Any CPU
		{DDF42B0A-3AC2-4037-B183-FF06325875BA}.Debug|iPhoneSimulator.Build.0 = Debug|Any CPU
		{DDF42B0A-3AC2-4037-B183-FF06325875BA}.Debug|x86.ActiveCfg = Debug|Any CPU
		{DDF42B0A-3AC2-4037-B183-FF06325875BA}.Debug|x86.Build.0 = Debug|Any CPU
		{DDF42B0A-3AC2-4037-B183-FF06325875BA}.Release|Any CPU.ActiveCfg = Release|Any CPU
		{DDF42B0A-3AC2-4037-B183-FF06325875BA}.Release|Any CPU.Build.0 = Release|Any CPU
		{DDF42B0A-3AC2-4037-B183-FF06325875BA}.Release|iPhone.ActiveCfg = Release|Any CPU
		{DDF42B0A-3AC2-4037-B183-FF06325875BA}.Release|iPhone.Build.0 = Release|Any CPU
		{DDF42B0A-3AC2-4037-B183-FF06325875BA}.Release|iPhoneSimulator.ActiveCfg = Release|Any CPU
		{DDF42B0A-3AC2-4037-B183-FF06325875BA}.Release|iPhoneSimulator.Build.0 = Release|Any CPU
		{DDF42B0A-3AC2-4037-B183-FF06325875BA}.Release|x86.ActiveCfg = Release|Any CPU
		{DDF42B0A-3AC2-4037-B183-FF06325875BA}.Release|x86.Build.0 = Release|Any CPU
	EndGlobalSection
	GlobalSection(SolutionProperties) = preSolution
		HideSolutionNode = FALSE
	EndGlobalSection
	GlobalSection(ExtensibilityGlobals) = postSolution
		SolutionGuid = {80968F61-BF85-4046-A504-EAEB6D28ADDB}
	EndGlobalSection
EndGlobal
